
Microsoft Visual Studio Solution File, Format Version 12.00
Project("{FAE04EC0-301F-11D3-BF4B-00C04F79EFBC}") = "testes-microservico-docker", "testes-microservico-docker\testes-microservico-docker.csproj", "{7EE604CB-6F7C-431A-BBA4-A77CC493ABA8}"
EndProject
Project("{FAE04EC0-301F-11D3-BF4B-00C04F79EFBC}") = "docker-compose", "docker-compose.dcproj", "{FEA0C318-FFED-4D39-8781-265718CA43DD}"
EndProject
Global
	GlobalSection(SolutionConfigurationPlatforms) = preSolution
		Debug|Any CPU = Debug|Any CPU
		Release|Any CPU = Release|Any CPU
	EndGlobalSection
	GlobalSection(ProjectConfigurationPlatforms) = postSolution
		{7EE604CB-6F7C-431A-BBA4-A77CC493ABA8}.Debug|Any CPU.ActiveCfg = Debug|Any CPU
		{7EE604CB-6F7C-431A-BBA4-A77CC493ABA8}.Debug|Any CPU.Build.0 = Debug|Any CPU
		{7EE604CB-6F7C-431A-BBA4-A77CC493ABA8}.Release|Any CPU.ActiveCfg = Release|Any CPU
		{7EE604CB-6F7C-431A-BBA4-A77CC493ABA8}.Release|Any CPU.Build.0 = Release|Any CPU
		{FEA0C318-FFED-4D39-8781-265718CA43DD}.Debug|Any CPU.ActiveCfg = Debug|Any CPU
		{FEA0C318-FFED-4D39-8781-265718CA43DD}.Debug|Any CPU.Build.0 = Debug|Any CPU
		{FEA0C318-FFED-4D39-8781-265718CA43DD}.Release|Any CPU.ActiveCfg = Debug|Any CPU
		{FEA0C318-FFED-4D39-8781-265718CA43DD}.Release|Any CPU.Build.0 = Debug|Any CPU
	EndGlobalSection
EndGlobal
